
Microsoft Visual Studio Solution File, Format Version 12.00
# Visual Studio Version 16
VisualStudioVersion = 16.0.34031.81
MinimumVisualStudioVersion = 10.0.40219.1
Project("{FAE04EC0-301F-11D3-BF4B-00C04F79EFBC}") = "crescente", "crescente\crescente.csproj", "{F360C351-1E43-41B7-86BD-8C8557E2580E}"
EndProject
Global
	GlobalSection(SolutionConfigurationPlatforms) = preSolution
		Debug|Any CPU = Debug|Any CPU
		Release|Any CPU = Release|Any CPU
	EndGlobalSection
	GlobalSection(ProjectConfigurationPlatforms) = postSolution
		{F360C351-1E43-41B7-86BD-8C8557E2580E}.Debug|Any CPU.ActiveCfg = Debug|Any CPU
		{F360C351-1E43-41B7-86BD-8C8557E2580E}.Debug|Any CPU.Build.0 = Debug|Any CPU
		{F360C351-1E43-41B7-86BD-8C8557E2580E}.Release|Any CPU.ActiveCfg = Release|Any CPU
		{F360C351-1E43-41B7-86BD-8C8557E2580E}.Release|Any CPU.Build.0 = Release|Any CPU
	EndGlobalSection
	GlobalSection(SolutionProperties) = preSolution
		HideSolutionNode = FALSE
	EndGlobalSection
	GlobalSection(ExtensibilityGlobals) = postSolution
		SolutionGuid = {C7F04CD6-6DB1-4140-99E3-73AAFCFC11B3}
	EndGlobalSection
EndGlobal
